github.com/koykov/fastconv v1.0.2 h1:csOWpctD9OcpkfI07LEtqtolc4TT8Y6QG3zQvkTmhrQ=
github.com/koykov/fastconv v1.0.2/go.mod h1:9jOx5KRGe4UKHxGiDw5Yrp/qrqn2cRwH3xvFjqqCE3c=
github.com/koykov/multiflag v0.0.0-20230730201141-b3d0872bc930 h1:/NODD1rmoJ4BAt79mZInoq22YBfLgVTzWuyANY6lxDg=
github.com/koykov/multiflag v0.0.0-20230730201141-b3d0872bc930/go.mod h1:mJrlRV7QueNiWHM0XzJ1Na/14eJe7M2xfEcg/+mj3aM=
github.com/koykov/x2bytes v1.0.1 h1:kfo9Pqmip+6s6zbQYgeNSgOA3UbyQNVmaCzkMrJdTME=
github.com/koykov/x2bytes v1.0.1/go.mod h1:5VHo/Vc0NsGBvzwg5wMrCNrI+fL+DbSUgFW4FVRzlzs=
golang.org/x/mod v0.9.0 h1:KENHtAZL2y3NLMYZeHY9DW8HW8V+kQyJsY/V9JlKvCs=
golang.org/x/sys v0.6.0 h1:MVltZSvRTcU2ljQOhs94SXPftV6DCNnZViHeQps87pQ=
golang.org/x/sys v0.6.0/go.mod h1:oPkhp1MJrh7nUepCBck5+mAzfO9JrbApNNgaTdGDITg=
golang.org/x/tools v0.7.0 h1:W4OVu8VVOaIO0yzWMNdepAulS7YfoS3Zabrm8DOXXU4=
golang.org/x/tools v0.7.0/go.mod h1:4pg6aUX35JBAogB10C9AtvVL+qowtN4pT3CGSQex14s=
